
Microsoft Visual Studio Solution File, Format Version 12.00
# Visual Studio Version 16
VisualStudioVersion = 16.0.808.3
MinimumVisualStudioVersion = 10.0.40219.1
Project("{FAE04EC0-301F-11D3-BF4B-00C04F79EFBC}") = "Api", "API\API.csproj", "{684DE829-EF13-420E-8606-996782B29F98}"
EndProject
Project("{FAE04EC0-301F-11D3-BF4B-00C04F79EFBC}") = "DataAccess", "DataAccess\DataAccess.csproj", "{C2A0DB99-364F-48EA-9FD4-FBBDF80ADED1}"
EndProject
Project("{FAE04EC0-301F-11D3-BF4B-00C04F79EFBC}") = "Infrastructure", "Infrastructure\Infrastructure.csproj", "{2BE7FE22-52EF-49F6-8397-62503D1A9DCE}"
EndProject
Project("{FAE04EC0-301F-11D3-BF4B-00C04F79EFBC}") = "Domain", "Domain\Domain.csproj", "{374C3BD3-3B58-4A6B-B9AE-207FC7AD4C25}"
EndProject
Project("{FAE04EC0-301F-11D3-BF4B-00C04F79EFBC}") = "Business", "Business\Business.csproj", "{0960DAC9-9645-4C9C-9D4A-3B4FDC717175}"
EndProject
Global
	GlobalSection(SolutionConfigurationPlatforms) = preSolution
		Debug|Any CPU = Debug|Any CPU
		Release|Any CPU = Release|Any CPU
	EndGlobalSection
	GlobalSection(ProjectConfigurationPlatforms) = postSolution
		{684DE829-EF13-420E-8606-996782B29F98}.Debug|Any CPU.ActiveCfg = Debug|Any CPU
		{684DE829-EF13-420E-8606-996782B29F98}.Debug|Any CPU.Build.0 = Debug|Any CPU
		{684DE829-EF13-420E-8606-996782B29F98}.Release|Any CPU.ActiveCfg = Release|Any CPU
		{684DE829-EF13-420E-8606-996782B29F98}.Release|Any CPU.Build.0 = Release|Any CPU
		{C2A0DB99-364F-48EA-9FD4-FBBDF80ADED1}.Debug|Any CPU.ActiveCfg = Debug|Any CPU
		{C2A0DB99-364F-48EA-9FD4-FBBDF80ADED1}.Debug|Any CPU.Build.0 = Debug|Any CPU
		{C2A0DB99-364F-48EA-9FD4-FBBDF80ADED1}.Release|Any CPU.ActiveCfg = Release|Any CPU
		{C2A0DB99-364F-48EA-9FD4-FBBDF80ADED1}.Release|Any CPU.Build.0 = Release|Any CPU
		{2BE7FE22-52EF-49F6-8397-62503D1A9DCE}.Debug|Any CPU.ActiveCfg = Debug|Any CPU
		{2BE7FE22-52EF-49F6-8397-62503D1A9DCE}.Debug|Any CPU.Build.0 = Debug|Any CPU
		{2BE7FE22-52EF-49F6-8397-62503D1A9DCE}.Release|Any CPU.ActiveCfg = Release|Any CPU
		{2BE7FE22-52EF-49F6-8397-62503D1A9DCE}.Release|Any CPU.Build.0 = Release|Any CPU
		{374C3BD3-3B58-4A6B-B9AE-207FC7AD4C25}.Debug|Any CPU.ActiveCfg = Debug|Any CPU
		{374C3BD3-3B58-4A6B-B9AE-207FC7AD4C25}.Debug|Any CPU.Build.0 = Debug|Any CPU
		{374C3BD3-3B58-4A6B-B9AE-207FC7AD4C25}.Release|Any CPU.ActiveCfg = Release|Any CPU
		{374C3BD3-3B58-4A6B-B9AE-207FC7AD4C25}.Release|Any CPU.Build.0 = Release|Any CPU
		{0960DAC9-9645-4C9C-9D4A-3B4FDC717175}.Debug|Any CPU.ActiveCfg = Debug|Any CPU
		{0960DAC9-9645-4C9C-9D4A-3B4FDC717175}.Debug|Any CPU.Build.0 = Debug|Any CPU
		{0960DAC9-9645-4C9C-9D4A-3B4FDC717175}.Release|Any CPU.ActiveCfg = Release|Any CPU
		{0960DAC9-9645-4C9C-9D4A-3B4FDC717175}.Release|Any CPU.Build.0 = Release|Any CPU
	EndGlobalSection
	GlobalSection(SolutionProperties) = preSolution
		HideSolutionNode = FALSE
	EndGlobalSection
	GlobalSection(ExtensibilityGlobals) = postSolution
		SolutionGuid = {E1B125B4-E93C-4F8E-8266-61FA2F9BA24E}
	EndGlobalSection
EndGlobal
